
Microsoft Visual Studio Solution File, Format Version 12.00
# Visual Studio 2017
Project("{FAE04EC0-301F-11D3-BF4B-00C04F79EFBC}") = "AmblyoCare", "AmblyoCare.csproj", "{19BDB09E-FE7F-6E3E-BFFD-675B8D215CE4}"
EndProject
Project("{FAE04EC0-301F-11D3-BF4B-00C04F79EFBC}") = "AmblyoCare.Editor", "AmblyoCare.Editor.csproj", "{3A7E4421-6BB4-AB6B-5FAB-37A51C13B551}"
EndProject
Global
	GlobalSection(SolutionConfigurationPlatforms) = preSolution
		Debug|Any CPU = Debug|Any CPU
		Release|Any CPU = Release|Any CPU
	EndGlobalSection
	GlobalSection(ProjectConfigurationPlatforms) = postSolution
		{19BDB09E-FE7F-6E3E-BFFD-675B8D215CE4}.Debug|Any CPU.ActiveCfg = Debug|Any CPU
		{19BDB09E-FE7F-6E3E-BFFD-675B8D215CE4}.Debug|Any CPU.Build.0 = Debug|Any CPU
		{19BDB09E-FE7F-6E3E-BFFD-675B8D215CE4}.Release|Any CPU.ActiveCfg = Release|Any CPU
		{19BDB09E-FE7F-6E3E-BFFD-675B8D215CE4}.Release|Any CPU.Build.0 = Release|Any CPU
		{3A7E4421-6BB4-AB6B-5FAB-37A51C13B551}.Debug|Any CPU.ActiveCfg = Debug|Any CPU
		{3A7E4421-6BB4-AB6B-5FAB-37A51C13B551}.Debug|Any CPU.Build.0 = Debug|Any CPU
		{3A7E4421-6BB4-AB6B-5FAB-37A51C13B551}.Release|Any CPU.ActiveCfg = Release|Any CPU
		{3A7E4421-6BB4-AB6B-5FAB-37A51C13B551}.Release|Any CPU.Build.0 = Release|Any CPU
	EndGlobalSection
	GlobalSection(SolutionProperties) = preSolution
		HideSolutionNode = FALSE
	EndGlobalSection
EndGlobal
